
Microsoft Visual Studio Solution File, Format Version 12.00
# Visual Studio Version 17
VisualStudioVersion = 17.11.35312.102
MinimumVisualStudioVersion = 10.0.40219.1
Project("{FAE04EC0-301F-11D3-BF4B-00C04F79EFBC}") = "game match3", "game match3\game match3.csproj", "{9EDE1E56-1FA0-44D6-9D8F-495EC856A457}"
EndProject
Global
	GlobalSection(SolutionConfigurationPlatforms) = preSolution
		Debug|Any CPU = Debug|Any CPU
		Release|Any CPU = Release|Any CPU
	EndGlobalSection
	GlobalSection(ProjectConfigurationPlatforms) = postSolution
		{9EDE1E56-1FA0-44D6-9D8F-495EC856A457}.Debug|Any CPU.ActiveCfg = Debug|Any CPU
		{9EDE1E56-1FA0-44D6-9D8F-495EC856A457}.Debug|Any CPU.Build.0 = Debug|Any CPU
		{9EDE1E56-1FA0-44D6-9D8F-495EC856A457}.Release|Any CPU.ActiveCfg = Release|Any CPU
		{9EDE1E56-1FA0-44D6-9D8F-495EC856A457}.Release|Any CPU.Build.0 = Release|Any CPU
	EndGlobalSection
	GlobalSection(SolutionProperties) = preSolution
		HideSolutionNode = FALSE
	EndGlobalSection
	GlobalSection(ExtensibilityGlobals) = postSolution
		SolutionGuid = {92E27FAB-6F28-4CAA-8D5A-025B49689114}
	EndGlobalSection
EndGlobal
